
Microsoft Visual Studio Solution File, Format Version 12.00
# Visual Studio Version 16
VisualStudioVersion = 16.0.31321.278
MinimumVisualStudioVersion = 10.0.40219.1
Project("{FAE04EC0-301F-11D3-BF4B-00C04F79EFBC}") = "RSAPublicKey", "RSAPublicKey\RSAPublicKey.csproj", "{7FA789A0-0836-4D13-9B92-2D3C10640641}"
EndProject
Global
	GlobalSection(SolutionConfigurationPlatforms) = preSolution
		Debug|Any CPU = Debug|Any CPU
		Release|Any CPU = Release|Any CPU
	EndGlobalSection
	GlobalSection(ProjectConfigurationPlatforms) = postSolution
		{7FA789A0-0836-4D13-9B92-2D3C10640641}.Debug|Any CPU.ActiveCfg = Debug|Any CPU
		{7FA789A0-0836-4D13-9B92-2D3C10640641}.Debug|Any CPU.Build.0 = Debug|Any CPU
		{7FA789A0-0836-4D13-9B92-2D3C10640641}.Release|Any CPU.ActiveCfg = Release|Any CPU
		{7FA789A0-0836-4D13-9B92-2D3C10640641}.Release|Any CPU.Build.0 = Release|Any CPU
	EndGlobalSection
	GlobalSection(SolutionProperties) = preSolution
		HideSolutionNode = FALSE
	EndGlobalSection
	GlobalSection(ExtensibilityGlobals) = postSolution
		SolutionGuid = {05ACED82-905E-4DA6-BA14-ECA9846D03A9}
	EndGlobalSection
EndGlobal
